// !$*UTF8*$!
{
	archiveVersion = 1;
	classes = {
	};
	objectVersion = 56;
	objects = {

/* Begin PBXBuildFile section */
		8F0CA6A62A53F7E500E880B7 /* Person.swift in Sources */ = {isa = PBXBuildFile; fileRef = 8F0CA6A52A53F7E500E880B7 /* Person.swift */; };
		8F3E35492A534D3100268DB1 /* AppDelegate.swift in Sources */ = {isa = PBXBuildFile; fileRef = 8F3E35482A534D3100268DB1 /* AppDelegate.swift */; };
		8F3E354B2A534D3100268DB1 /* SceneDelegate.swift in Sources */ = {isa = PBXBuildFile; fileRef = 8F3E354A2A534D3100268DB1 /* SceneDelegate.swift */; };
		8F3E354D2A534D3100268DB1 /* ViewController.swift in Sources */ = {isa = PBXBuildFile; fileRef = 8F3E354C2A534D3100268DB1 /* ViewController.swift */; };
		8F3E35502A534D3100268DB1 /* Main.storyboard in Resources */ = {isa = PBXBuildFile; fileRef = 8F3E354E2A534D3100268DB1 /* Main.storyboard */; };
		8F3E35522A534D3200268DB1 /* Assets.xcassets in Resources */ = {isa = PBXBuildFile; fileRef = 8F3E35512A534D3200268DB1 /* Assets.xcassets */; };
		8F3E35552A534D3200268DB1 /* LaunchScreen.storyboard in Resources */ = {isa = PBXBuildFile; fileRef = 8F3E35532A534D3200268DB1 /* LaunchScreen.storyboard */; };
		8F3E35602A534D3200268DB1 /* music_tableviewTests.swift in Sources */ = {isa = PBXBuildFile; fileRef = 8F3E355F2A534D3200268DB1 /* music_tableviewTests.swift */; };
		8F3E356A2A534D3200268DB1 /* music_tableviewUITests.swift in Sources */ = {isa = PBXBuildFile; fileRef = 8F3E35692A534D3200268DB1 /* music_tableviewUITests.swift */; };
		8F3E356C2A534D3200268DB1 /* music_tableviewUITestsLaunchTests.swift in Sources */ = {isa = PBXBuildFile; fileRef = 8F3E356B2A534D3200268DB1 /* music_tableviewUITestsLaunchTests.swift */; };
		8F3E35792A534DB800268DB1 /* TableViewController.swift in Sources */ = {isa = PBXBuildFile; fileRef = 8F3E35782A534DB800268DB1 /* TableViewController.swift */; };
/* End PBXBuildFile section */

/* Begin PBXContainerItemProxy section */
		8F3E355C2A534D3200268DB1 /* PBXContainerItemProxy */ = {
			isa = PBXContainerItemProxy;
			containerPortal = 8F3E353D2A534D3100268DB1 /* Project object */;
			proxyType = 1;
			remoteGlobalIDString = 8F3E35442A534D3100268DB1;
			remoteInfo = music_tableview;
		};
		8F3E35662A534D3200268DB1 /* PBXContainerItemProxy */ = {
			isa = PBXContainerItemProxy;
			containerPortal = 8F3E353D2A534D3100268DB1 /* Project object */;
			proxyType = 1;
			remoteGlobalIDString = 8F3E35442A534D3100268DB1;
			remoteInfo = music_tableview;
		};
/* End PBXContainerItemProxy section */

/* Begin PBXFileReference section */
		8F0CA6A52A53F7E500E880B7 /* Person.swift */ = {isa = PBXFileReference; lastKnownFileType = sourcecode.swift; path = Person.swift; sourceTree = "<group>"; };
		8F3E35452A534D3100268DB1 /* music_tableview.app */ = {isa = PBXFileReference; explicitFileType = wrapper.application; includeInIndex = 0; path = music_tableview.app; sourceTree = BUILT_PRODUCTS_DIR; };
		8F3E35482A534D3100268DB1 /* AppDelegate.swift */ = {isa = PBXFileReference; lastKnownFileType = sourcecode.swift; path = AppDelegate.swift; sourceTree = "<group>"; };
		8F3E354A2A534D3100268DB1 /* SceneDelegate.swift */ = {isa = PBXFileReference; lastKnownFileType = sourcecode.swift; path = SceneDelegate.swift; sourceTree = "<group>"; };
		8F3E354C2A534D3100268DB1 /* ViewController.swift */ = {isa = PBXFileReference; lastKnownFileType = sourcecode.swift; path = ViewController.swift; sourceTree = "<group>"; };
		8F3E354F2A534D3100268DB1 /* Base */ = {isa = PBXFileReference; lastKnownFileType = file.storyboard; name = Base; path = Base.lproj/Main.storyboard; sourceTree = "<group>"; };
		8F3E35512A534D3200268DB1 /* Assets.xcassets */ = {isa = PBXFileReference; lastKnownFileType = folder.assetcatalog; path = Assets.xcassets; sourceTree = "<group>"; };
		8F3E35542A534D3200268DB1 /* Base */ = {isa = PBXFileReference; lastKnownFileType = file.storyboard; name = Base; path = Base.lproj/LaunchScreen.storyboard; sourceTree = "<group>"; };
		8F3E35562A534D3200268DB1 /* Info.plist */ = {isa = PBXFileReference; lastKnownFileType = text.plist.xml; path = Info.plist; sourceTree = "<group>"; };
		8F3E355B2A534D3200268DB1 /* music_tableviewTests.xctest */ = {isa = PBXFileReference; explicitFileType = wrapper.cfbundle; includeInIndex = 0; path = music_tableviewTests.xctest; sourceTree = BUILT_PRODUCTS_DIR; };
		8F3E355F2A534D3200268DB1 /* music_tableviewTests.swift */ = {isa = PBXFileReference; lastKnownFileType = sourcecode.swift; path = music_tableviewTests.swift; sourceTree = "<group>"; };
		8F3E35652A534D3200268DB1 /* music_tableviewUITests.xctest */ = {isa = PBXFileReference; explicitFileType = wrapper.cfbundle; includeInIndex = 0; path = music_tableviewUITests.xctest; sourceTree = BUILT_PRODUCTS_DIR; };
		8F3E35692A534D3200268DB1 /* music_tableviewUITests.swift */ = {isa = PBXFileReference; lastKnownFileType = sourcecode.swift; path = music_tableviewUITests.swift; sourceTree = "<group>"; };
		8F3E356B2A534D3200268DB1 /* music_tableviewUITestsLaunchTests.swift */ = {isa = PBXFileReference; lastKnownFileType = sourcecode.swift; path = music_tableviewUITestsLaunchTests.swift; sourceTree = "<group>"; };
		8F3E35782A534DB800268DB1 /* TableViewController.swift */ = {isa = PBXFileReference; lastKnownFileType = sourcecode.swift; path = TableViewController.swift; sourceTree = "<group>"; };
/* End PBXFileReference section */

/* Begin PBXFrameworksBuildPhase section */
		8F3E35422A534D3100268DB1 /* Frameworks */ = {
			isa = PBXFrameworksBuildPhase;
			buildActionMask = 2147483647;
			files = (
			);
			runOnlyForDeploymentPostprocessing = 0;
		};
		8F3E35582A534D3200268DB1 /* Frameworks */ = {
			isa = PBXFrameworksBuildPhase;
			buildActionMask = 2147483647;
			files = (
			);
			runOnlyForDeploymentPostprocessing = 0;
		};
		8F3E35622A534D3200268DB1 /* Frameworks */ = {
			isa = PBXFrameworksBuildPhase;
			buildActionMask = 2147483647;
			files = (
			);
			runOnlyForDeploymentPostprocessing = 0;
		};
/* End PBXFrameworksBuildPhase section */

/* Begin PBXGroup section */
		8F3E353C2A534D3100268DB1 = {
			isa = PBXGroup;
			children = (
				8F3E35472A534D3100268DB1 /* music_tableview */,
				8F3E355E2A534D3200268DB1 /* music_tableviewTests */,
				8F3E35682A534D3200268DB1 /* music_tableviewUITests */,
				8F3E35462A534D3100268DB1 /* Products */,
			);
			sourceTree = "<group>";
		};
		8F3E35462A534D3100268DB1 /* Products */ = {
			isa = PBXGroup;
			children = (
				8F3E35452A534D3100268DB1 /* music_tableview.app */,
				8F3E355B2A534D3200268DB1 /* music_tableviewTests.xctest */,
				8F3E35652A534D3200268DB1 /* music_tableviewUITests.xctest */,
			);
			name = Products;
			sourceTree = "<group>";
		};
		8F3E35472A534D3100268DB1 /* music_tableview */ = {
			isa = PBXGroup;
			children = (
				8F3E35482A534D3100268DB1 /* AppDelegate.swift */,
				8F3E354A2A534D3100268DB1 /* SceneDelegate.swift */,
				8F3E354C2A534D3100268DB1 /* ViewController.swift */,
				8F0CA6A52A53F7E500E880B7 /* Person.swift */,
				8F3E354E2A534D3100268DB1 /* Main.storyboard */,
				8F3E35782A534DB800268DB1 /* TableViewController.swift */,
				8F3E35512A534D3200268DB1 /* Assets.xcassets */,
				8F3E35532A534D3200268DB1 /* LaunchScreen.storyboard */,
				8F3E35562A534D3200268DB1 /* Info.plist */,
			);
			path = music_tableview;
			sourceTree = "<group>";
		};
		8F3E355E2A534D3200268DB1 /* music_tableviewTests */ = {
			isa = PBXGroup;
			children = (
				8F3E355F2A534D3200268DB1 /* music_tableviewTests.swift */,
			);
			path = music_tableviewTests;
			sourceTree = "<group>";
		};
		8F3E35682A534D3200268DB1 /* music_tableviewUITests */ = {
			isa = PBXGroup;
			children = (
				8F3E35692A534D3200268DB1 /* music_tableviewUITests.swift */,
				8F3E356B2A534D3200268DB1 /* music_tableviewUITestsLaunchTests.swift */,
			);
			path = music_tableviewUITests;
			sourceTree = "<group>";
		};
/* End PBXGroup section */

/* Begin PBXNativeTarget section */
		8F3E35442A534D3100268DB1 /* music_tableview */ = {
			isa = PBXNativeTarget;
			buildConfigurationList = 8F3E356F2A534D3200268DB1 /* Build configuration list for PBXNativeTarget "music_tableview" */;
			buildPhases = (
				8F3E35412A534D3100268DB1 /* Sources */,
				8F3E35422A534D3100268DB1 /* Frameworks */,
				8F3E35432A534D3100268DB1 /* Resources */,
			);
			buildRules = (
			);
			dependencies = (
			);
			name = music_tableview;
			productName = music_tableview;
			productReference = 8F3E35452A534D3100268DB1 /* music_tableview.app */;
			productType = "com.apple.product-type.application";
		};
		8F3E355A2A534D3200268DB1 /* music_tableviewTests */ = {
			isa = PBXNativeTarget;
			buildConfigurationList = 8F3E35722A534D3200268DB1 /* Build configuration list for PBXNativeTarget "music_tableviewTests" */;
			buildPhases = (
				8F3E35572A534D3200268DB1 /* Sources */,
				8F3E35582A534D3200268DB1 /* Frameworks */,
				8F3E35592A534D3200268DB1 /* Resources */,
			);
			buildRules = (
			);
			dependencies = (
				8F3E355D2A534D3200268DB1 /* PBXTargetDependency */,
			);
			name = music_tableviewTests;
			productName = music_tableviewTests;
			productReference = 8F3E355B2A534D3200268DB1 /* music_tableviewTests.xctest */;
			productType = "com.apple.product-type.bundle.unit-test";
		};
		8F3E35642A534D3200268DB1 /* music_tableviewUITests */ = {
			isa = PBXNativeTarget;
			buildConfigurationList = 8F3E35752A534D3200268DB1 /* Build configuration list for PBXNativeTarget "music_tableviewUITests" */;
			buildPhases = (
				8F3E35612A534D3200268DB1 /* Sources */,
				8F3E35622A534D3200268DB1 /* Frameworks */,
				8F3E35632A534D3200268DB1 /* Resources */,
			);
			buildRules = (
			);
			dependencies = (
				8F3E35672A534D3200268DB1 /* PBXTargetDependency */,
			);
			name = music_tableviewUITests;
			productName = music_tableviewUITests;
			productReference = 8F3E35652A534D3200268DB1 /* music_tableviewUITests.xctest */;
			productType = "com.apple.product-type.bundle.ui-testing";
		};
/* End PBXNativeTarget section */

/* Begin PBXProject section */
		8F3E353D2A534D3100268DB1 /* Project object */ = {
			isa = PBXProject;
			attributes = {
				BuildIndependentTargetsInParallel = 1;
				LastSwiftUpdateCheck = 1430;
				LastUpgradeCheck = 1430;
				TargetAttributes = {
					8F3E35442A534D3100268DB1 = {
						CreatedOnToolsVersion = 14.3.1;
					};
					8F3E355A2A534D3200268DB1 = {
						CreatedOnToolsVersion = 14.3.1;
						TestTargetID = 8F3E35442A534D3100268DB1;
					};
					8F3E35642A534D3200268DB1 = {
						CreatedOnToolsVersion = 14.3.1;
						TestTargetID = 8F3E35442A534D3100268DB1;
					};
				};
			};
			buildConfigurationList = 8F3E35402A534D3100268DB1 /* Build configuration list for PBXProject "music_tableview" */;
			compatibilityVersion = "Xcode 14.0";
			developmentRegion = en;
			hasScannedForEncodings = 0;
			knownRegions = (
				en,
				Base,
			);
			mainGroup = 8F3E353C2A534D3100268DB1;
			productRefGroup = 8F3E35462A534D3100268DB1 /* Products */;
			projectDirPath = "";
			projectRoot = "";
			targets = (
				8F3E35442A534D3100268DB1 /* music_tableview */,
				8F3E355A2A534D3200268DB1 /* music_tableviewTests */,
				8F3E35642A534D3200268DB1 /* music_tableviewUITests */,
			);
		};
/* End PBXProject section */

/* Begin PBXResourcesBuildPhase section */
		8F3E35432A534D3100268DB1 /* Resources */ = {
			isa = PBXResourcesBuildPhase;
			buildActionMask = 2147483647;
			files = (
				8F3E35552A534D3200268DB1 /* LaunchScreen.storyboard in Resources */,
				8F3E35522A534D3200268DB1 /* Assets.xcassets in Resources */,
				8F3E35502A534D3100268DB1 /* Main.storyboard in Resources */,
			);
			runOnlyForDeploymentPostprocessing = 0;
		};
		8F3E35592A534D3200268DB1 /* Resources */ = {
			isa = PBXResourcesBuildPhase;
			buildActionMask = 2147483647;
			files = (
			);
			runOnlyForDeploymentPostprocessing = 0;
		};
		8F3E35632A534D3200268DB1 /* Resources */ = {
			isa = PBXResourcesBuildPhase;
			buildActionMask = 2147483647;
			files = (
			);
			runOnlyForDeploymentPostprocessing = 0;
		};
/* End PBXResourcesBuildPhase section */

/* Begin PBXSourcesBuildPhase section */
		8F3E35412A534D3100268DB1 /* Sources */ = {
			isa = PBXSourcesBuildPhase;
			buildActionMask = 2147483647;
			files = (
				8F0CA6A62A53F7E500E880B7 /* Person.swift in Sources */,
				8F3E354D2A534D3100268DB1 /* ViewController.swift in Sources */,
				8F3E35492A534D3100268DB1 /* AppDelegate.swift in Sources */,
				8F3E354B2A534D3100268DB1 /* SceneDelegate.swift in Sources */,
				8F3E35792A534DB800268DB1 /* TableViewController.swift in Sources */,
			);
			runOnlyForDeploymentPostprocessing = 0;
		};
		8F3E35572A534D3200268DB1 /* Sources */ = {
			isa = PBXSourcesBuildPhase;
			buildActionMask = 2147483647;
			files = (
				8F3E35602A534D3200268DB1 /* music_tableviewTests.swift in Sources */,
			);
			runOnlyForDeploymentPostprocessing = 0;
		};
		8F3E35612A534D3200268DB1 /* Sources */ = {
			isa = PBXSourcesBuildPhase;
			buildActionMask = 2147483647;
			files = (
				8F3E356C2A534D3200268DB1 /* music_tableviewUITestsLaunchTests.swift in Sources */,
				8F3E356A2A534D3200268DB1 /* music_tableviewUITests.swift in Sources */,
			);
			runOnlyForDeploymentPostprocessing = 0;
		};
/* End PBXSourcesBuildPhase section */

/* Begin PBXTargetDependency section */
		8F3E355D2A534D3200268DB1 /* PBXTargetDependency */ = {
			isa = PBXTargetDependency;
			target = 8F3E35442A534D3100268DB1 /* music_tableview */;
			targetProxy = 8F3E355C2A534D3200268DB1 /* PBXContainerItemProxy */;
		};
		8F3E35672A534D3200268DB1 /* PBXTargetDependency */ = {
			isa = PBXTargetDependency;
			target = 8F3E35442A534D3100268DB1 /* music_tableview */;
			targetProxy = 8F3E35662A534D3200268DB1 /* PBXContainerItemProxy */;
		};
/* End PBXTargetDependency section */

/* Begin PBXVariantGroup section */
		8F3E354E2A534D3100268DB1 /* Main.storyboard */ = {
			isa = PBXVariantGroup;
			children = (
				8F3E354F2A534D3100268DB1 /* Base */,
			);
			name = Main.storyboard;
			sourceTree = "<group>";
		};
		8F3E35532A534D3200268DB1 /* LaunchScreen.storyboard */ = {
			isa = PBXVariantGroup;
			children = (
				8F3E35542A534D3200268DB1 /* Base */,
			);
			name = LaunchScreen.storyboard;
			sourceTree = "<group>";
		};
/* End PBXVariantGroup section */

/* Begin XCBuildConfiguration section */
		8F3E356D2A534D3200268DB1 /* Debug */ = {
			isa = XCBuildConfiguration;
			buildSettings = {
				ALWAYS_SEARCH_USER_PATHS = NO;
				CLANG_ANALYZER_NONNULL = YES;
				CLANG_ANALYZER_NUMBER_OBJECT_CONVERSION = YES_AGGRESSIVE;
				CLANG_CXX_LANGUAGE_STANDARD = "gnu++20";
				CLANG_ENABLE_MODULES = YES;
				CLANG_ENABLE_OBJC_ARC = YES;
				CLANG_ENABLE_OBJC_WEAK = YES;
				CLANG_WARN_BLOCK_CAPTURE_AUTORELEASING = YES;
				CLANG_WARN_BOOL_CONVERSION = YES;
				CLANG_WARN_COMMA = YES;
				CLANG_WARN_CONSTANT_CONVERSION = YES;
				CLANG_WARN_DEPRECATED_OBJC_IMPLEMENTATIONS = YES;
				CLANG_WARN_DIRECT_OBJC_ISA_USAGE = YES_ERROR;
				CLANG_WARN_DOCUMENTATION_COMMENTS = YES;
				CLANG_WARN_EMPTY_BODY = YES;
				CLANG_WARN_ENUM_CONVERSION = YES;
				CLANG_WARN_INFINITE_RECURSION = YES;
				CLANG_WARN_INT_CONVERSION = YES;
				CLANG_WARN_NON_LITERAL_NULL_CONVERSION = YES;
				CLANG_WARN_OBJC_IMPLICIT_RETAIN_SELF = YES;
				CLANG_WARN_OBJC_LITERAL_CONVERSION = YES;
				CLANG_WARN_OBJC_ROOT_CLASS = YES_ERROR;
				CLANG_WARN_QUOTED_INCLUDE_IN_FRAMEWORK_HEADER = YES;
				CLANG_WARN_RANGE_LOOP_ANALYSIS = YES;
				CLANG_WARN_STRICT_PROTOTYPES = YES;
				CLANG_WARN_SUSPICIOUS_MOVE = YES;
				CLANG_WARN_UNGUARDED_AVAILABILITY = YES_AGGRESSIVE;
				CLANG_WARN_UNREACHABLE_CODE = YES;
				CLANG_WARN__DUPLICATE_METHOD_MATCH = YES;
				COPY_PHASE_STRIP = NO;
				DEBUG_INFORMATION_FORMAT = dwarf;
				ENABLE_STRICT_OBJC_MSGSEND = YES;
				ENABLE_TESTABILITY = YES;
				GCC_C_LANGUAGE_STANDARD = gnu11;
				GCC_DYNAMIC_NO_PIC = NO;
				GCC_NO_COMMON_BLOCKS = YES;
				GCC_OPTIMIZATION_LEVEL = 0;
				GCC_PREPROCESSOR_DEFINITIONS = (
					"DEBUG=1",
					"$(inherited)",
				);
				GCC_WARN_64_TO_32_BIT_CONVERSION = YES;
				GCC_WARN_ABOUT_RETURN_TYPE = YES_ERROR;
				GCC_WARN_UNDECLARED_SELECTOR = YES;
				GCC_WARN_UNINITIALIZED_AUTOS = YES_AGGRESSIVE;
				GCC_WARN_UNUSED_FUNCTION = YES;
				GCC_WARN_UNUSED_VARIABLE = YES;
				IPHONEOS_DEPLOYMENT_TARGET = 16.4;
				MTL_ENABLE_DEBUG_INFO = INCLUDE_SOURCE;
				MTL_FAST_MATH = YES;
				ONLY_ACTIVE_ARCH = YES;
				SDKROOT = iphoneos;
				SWIFT_ACTIVE_COMPILATION_CONDITIONS = DEBUG;
				SWIFT_OPTIMIZATION_LEVEL = "-Onone";
			};
			name = Debug;
		};
		8F3E356E2A534D3200268DB1 /* Release */ = {
			isa = XCBuildConfiguration;
			buildSettings = {
				ALWAYS_SEARCH_USER_PATHS = NO;
				CLANG_ANALYZER_NONNULL = YES;
				CLANG_ANALYZER_NUMBER_OBJECT_CONVERSION = YES_AGGRESSIVE;
				CLANG_CXX_LANGUAGE_STANDARD = "gnu++20";
				CLANG_ENABLE_MODULES = YES;
				CLANG_ENABLE_OBJC_ARC = YES;
				CLANG_ENABLE_OBJC_WEAK = YES;
				CLANG_WARN_BLOCK_CAPTURE_AUTORELEASING = YES;
				CLANG_WARN_BOOL_CONVERSION = YES;
				CLANG_WARN_COMMA = YES;
				CLANG_WARN_CONSTANT_CONVERSION = YES;
				CLANG_WARN_DEPRECATED_OBJC_IMPLEMENTATIONS = YES;
				CLANG_WARN_DIRECT_OBJC_ISA_USAGE = YES_ERROR;
				CLANG_WARN_DOCUMENTATION_COMMENTS = YES;
				CLANG_WARN_EMPTY_BODY = YES;
				CLANG_WARN_ENUM_CONVERSION = YES;
				CLANG_WARN_INFINITE_RECURSION = YES;
				CLANG_WARN_INT_CONVERSION = YES;
				CLANG_WARN_NON_LITERAL_NULL_CONVERSION = YES;
				CLANG_WARN_OBJC_IMPLICIT_RETAIN_SELF = YES;
				CLANG_WARN_OBJC_LITERAL_CONVERSION = YES;
				CLANG_WARN_OBJC_ROOT_CLASS = YES_ERROR;
				CLANG_WARN_QUOTED_INCLUDE_IN_FRAMEWORK_HEADER = YES;
				CLANG_WARN_RANGE_LOOP_ANALYSIS = YES;
				CLANG_WARN_STRICT_PROTOTYPES = YES;
				CLANG_WARN_SUSPICIOUS_MOVE = YES;
				CLANG_WARN_UNGUARDED_AVAILABILITY = YES_AGGRESSIVE;
				CLANG_WARN_UNREACHABLE_CODE = YES;
				CLANG_WARN__DUPLICATE_METHOD_MATCH = YES;
				COPY_PHASE_STRIP = NO;
				DEBUG_INFORMATION_FORMAT = "dwarf-with-dsym";
				ENABLE_NS_ASSERTIONS = NO;
				ENABLE_STRICT_OBJC_MSGSEND = YES;
				GCC_C_LANGUAGE_STANDARD = gnu11;
				GCC_NO_COMMON_BLOCKS = YES;
				GCC_WARN_64_TO_32_BIT_CONVERSION = YES;
				GCC_WARN_ABOUT_RETURN_TYPE = YES_ERROR;
				GCC_WARN_UNDECLARED_SELECTOR = YES;
				GCC_WARN_UNINITIALIZED_AUTOS = YES_AGGRESSIVE;
				GCC_WARN_UNUSED_FUNCTION = YES;
				GCC_WARN_UNUSED_VARIABLE = YES;
				IPHONEOS_DEPLOYMENT_TARGET = 16.4;
				MTL_ENABLE_DEBUG_INFO = NO;
				MTL_FAST_MATH = YES;
				SDKROOT = iphoneos;
				SWIFT_COMPILATION_MODE = wholemodule;
				SWIFT_OPTIMIZATION_LEVEL = "-O";
				VALIDATE_PRODUCT = YES;
			};
			name = Release;
		};
		8F3E35702A534D3200268DB1 /* Debug */ = {
			isa = XCBuildConfiguration;
			buildSettings = {
				ASSETCATALOG_COMPILER_APPICON_NAME = AppIcon;
				ASSETCATALOG_COMPILER_GLOBAL_ACCENT_COLOR_NAME = AccentColor;
				CODE_SIGN_STYLE = Automatic;
				CURRENT_PROJECT_VERSION = 1;
				GENERATE_INFOPLIST_FILE = YES;
				INFOPLIST_FILE = music_tableview/Info.plist;
				INFOPLIST_KEY_UIApplicationSupportsIndirectInputEvents = YES;
				INFOPLIST_KEY_UILaunchStoryboardName = LaunchScreen;
				INFOPLIST_KEY_UIMainStoryboardFile = Main;
				INFOPLIST_KEY_UISupportedInterfaceOrientations_iPad = "UIInterfaceOrientationPortrait UIInterfaceOrientationPortraitUpsideDown UIInterfaceOrientationLandscapeLeft UIInterfaceOrientationLandscapeRight";
				INFOPLIST_KEY_UISupportedInterfaceOrientations_iPhone = "UIInterfaceOrientationPortrait UIInterfaceOrientationLandscapeLeft UIInterfaceOrientationLandscapeRight";
				LD_RUNPATH_SEARCH_PATHS = (
					"$(inherited)",
					"@executable_path/Frameworks",
				);
				MARKETING_VERSION = 1.0;
				PRODUCT_BUNDLE_IDENTIFIER = "kz.mobydev.music-tableview";
				PRODUCT_NAME = "$(TARGET_NAME)";
				SWIFT_EMIT_LOC_STRINGS = YES;
				SWIFT_VERSION = 5.0;
				TARGETED_DEVICE_FAMILY = "1,2";
			};
			name = Debug;
		};
		8F3E35712A534D3200268DB1 /* Release */ = {
			isa = XCBuildConfiguration;
			buildSettings = {
				ASSETCATALOG_COMPILER_APPICON_NAME = AppIcon;
				ASSETCATALOG_COMPILER_GLOBAL_ACCENT_COLOR_NAME = AccentColor;
				CODE_SIGN_STYLE = Automatic;
				CURRENT_PROJECT_VERSION = 1;
				GENERATE_INFOPLIST_FILE = YES;
				INFOPLIST_FILE = music_tableview/Info.plist;
				INFOPLIST_KEY_UIApplicationSupportsIndirectInputEvents = YES;
				INFOPLIST_KEY_UILaunchStoryboardName = LaunchScreen;
				INFOPLIST_KEY_UIMainStoryboardFile = Main;
				INFOPLIST_KEY_UISupportedInterfaceOrientations_iPad = "UIInterfaceOrientationPortrait UIInterfaceOrientationPortraitUpsideDown UIInterfaceOrientationLandscapeLeft UIInterfaceOrientationLandscapeRight";
				INFOPLIST_KEY_UISupportedInterfaceOrientations_iPhone = "UIInterfaceOrientationPortrait UIInterfaceOrientationLandscapeLeft UIInterfaceOrientationLandscapeRight";
				LD_RUNPATH_SEARCH_PATHS = (
					"$(inherited)",
					"@executable_path/Frameworks",
				);
				MARKETING_VERSION = 1.0;
				PRODUCT_BUNDLE_IDENTIFIER = "kz.mobydev.music-tableview";
				PRODUCT_NAME = "$(TARGET_NAME)";
				SWIFT_EMIT_LOC_STRINGS = YES;
				SWIFT_VERSION = 5.0;
				TARGETED_DEVICE_FAMILY = "1,2";
			};
			name = Release;
		};
		8F3E35732A534D3200268DB1 /* Debug */ = {
			isa = XCBuildConfiguration;
			buildSettings = {
				ALWAYS_EMBED_SWIFT_STANDARD_LIBRARIES = YES;
				BUNDLE_LOADER = "$(TEST_HOST)";
				CODE_SIGN_STYLE = Automatic;
				CURRENT_PROJECT_VERSION = 1;
				GENERATE_INFOPLIST_FILE = YES;
				IPHONEOS_DEPLOYMENT_TARGET = 16.4;
				MARKETING_VERSION = 1.0;
				PRODUCT_BUNDLE_IDENTIFIER = "kz.mobydev.music-tableviewTests";
				PRODUCT_NAME = "$(TARGET_NAME)";
				SWIFT_EMIT_LOC_STRINGS = NO;
				SWIFT_VERSION = 5.0;
				TARGETED_DEVICE_FAMILY = "1,2";
				TEST_HOST = "$(BUILT_PRODUCTS_DIR)/music_tableview.app/$(BUNDLE_EXECUTABLE_FOLDER_PATH)/music_tableview";
			};
			name = Debug;
		};
		8F3E35742A534D3200268DB1 /* Release */ = {
			isa = XCBuildConfiguration;
			buildSettings = {
				ALWAYS_EMBED_SWIFT_STANDARD_LIBRARIES = YES;
				BUNDLE_LOADER = "$(TEST_HOST)";
				CODE_SIGN_STYLE = Automatic;
				CURRENT_PROJECT_VERSION = 1;
				GENERATE_INFOPLIST_FILE = YES;
				IPHONEOS_DEPLOYMENT_TARGET = 16.4;
				MARKETING_VERSION = 1.0;
				PRODUCT_BUNDLE_IDENTIFIER = "kz.mobydev.music-tableviewTests";
				PRODUCT_NAME = "$(TARGET_NAME)";
				SWIFT_EMIT_LOC_STRINGS = NO;
				SWIFT_VERSION = 5.0;
				TARGETED_DEVICE_FAMILY = "1,2";
				TEST_HOST = "$(BUILT_PRODUCTS_DIR)/music_tableview.app/$(BUNDLE_EXECUTABLE_FOLDER_PATH)/music_tableview";
			};
			name = Release;
		};
		8F3E35762A534D3200268DB1 /* Debug */ = {
			isa = XCBuildConfiguration;
			buildSettings = {
				ALWAYS_EMBED_SWIFT_STANDARD_LIBRARIES = YES;
				CODE_SIGN_STYLE = Automatic;
				CURRENT_PROJECT_VERSION = 1;
				GENERATE_INFOPLIST_FILE = YES;
				MARKETING_VERSION = 1.0;
				PRODUCT_BUNDLE_IDENTIFIER = "kz.mobydev.music-tableviewUITests";
				PRODUCT_NAME = "$(TARGET_NAME)";
				SWIFT_EMIT_LOC_STRINGS = NO;
				SWIFT_VERSION = 5.0;
				TARGETED_DEVICE_FAMILY = "1,2";
				TEST_TARGET_NAME = music_tableview;
			};
			name = Debug;
		};
		8F3E35772A534D3200268DB1 /* Release */ = {
			isa = XCBuildConfiguration;
			buildSettings = {
				ALWAYS_EMBED_SWIFT_STANDARD_LIBRARIES = YES;
				CODE_SIGN_STYLE = Automatic;
				CURRENT_PROJECT_VERSION = 1;
				GENERATE_INFOPLIST_FILE = YES;
				MARKETING_VERSION = 1.0;
				PRODUCT_BUNDLE_IDENTIFIER = "kz.mobydev.music-tableviewUITests";
				PRODUCT_NAME = "$(TARGET_NAME)";
				SWIFT_EMIT_LOC_STRINGS = NO;
				SWIFT_VERSION = 5.0;
				TARGETED_DEVICE_FAMILY = "1,2";
				TEST_TARGET_NAME = music_tableview;
			};
			name = Release;
		};
/* End XCBuildConfiguration section */

/* Begin XCConfigurationList section */
		8F3E35402A534D3100268DB1 /* Build configuration list for PBXProject "music_tableview" */ = {
			isa = XCConfigurationList;
			buildConfigurations = (
				8F3E356D2A534D3200268DB1 /* Debug */,
				8F3E356E2A534D3200268DB1 /* Release */,
			);
			defaultConfigurationIsVisible = 0;
			defaultConfigurationName = Release;
		};
		8F3E356F2A534D3200268DB1 /* Build configuration list for PBXNativeTarget "music_tableview" */ = {
			isa = XCConfigurationList;
			buildConfigurations = (
				8F3E35702A534D3200268DB1 /* Debug */,
				8F3E35712A534D3200268DB1 /* Release */,
			);
			defaultConfigurationIsVisible = 0;
			defaultConfigurationName = Release;
		};
		8F3E35722A534D3200268DB1 /* Build configuration list for PBXNativeTarget "music_tableviewTests" */ = {
			isa = XCConfigurationList;
			buildConfigurations = (
				8F3E35732A534D3200268DB1 /* Debug */,
				8F3E35742A534D3200268DB1 /* Release */,
			);
			defaultConfigurationIsVisible = 0;
			defaultConfigurationName = Release;
		};
		8F3E35752A534D3200268DB1 /* Build configuration list for PBXNativeTarget "music_tableviewUITests" */ = {
			isa = XCConfigurationList;
			buildConfigurations = (
				8F3E35762A534D3200268DB1 /* Debug */,
				8F3E35772A534D3200268DB1 /* Release */,
			);
			defaultConfigurationIsVisible = 0;
			defaultConfigurationName = Release;
		};
/* End XCConfigurationList section */
	};
	rootObject = 8F3E353D2A534D3100268DB1 /* Project object */;
}
